{
  "name": "blog-content",
  "version": "1.0.0",
  "lockfileVersion": 1,
  "requires": true,
  "dependencies": {
    "heap": {
      "version": "0.2.6",
      "resolved": "https://registry.npmjs.org/heap/-/heap-0.2.6.tgz",
      "integrity": "sha1-CH4fELBGky/IWU3Z5tN4r8nR5aw="
    },
    "online-covariance": {
      "version": "1.0.2",
      "resolved": "https://registry.npmjs.org/online-covariance/-/online-covariance-1.0.2.tgz",
      "integrity": "sha512-jolZuD3CY2galXtLTVAPuMpipdXydpwpxR5zhanOr6skxOThUrJzKCuJ/OWTiBSogZ1Tg7kZ/6eXCPMVo5bd2w=="
    },
    "online-max": {
      "version": "1.0.0",
      "resolved": "https://registry.npmjs.org/online-max/-/online-max-1.0.0.tgz",
      "integrity": "sha512-8iPBKnQzp0ysI9468Lyp91A8ERHGRD50OYsO5PBj0hCxJr8cW5kOubP9vclghUauzL/NbbKBbc9zWmPh9njv2w=="
    },
    "online-mean": {
      "version": "1.0.1",
      "resolved": "https://registry.npmjs.org/online-mean/-/online-mean-1.0.1.tgz",
      "integrity": "sha512-UJeKBhe8XK3N2W0HS0JXw9Hk7Ge7RFmafbN0KJ1s3VebsjUHHS+LhNq0xPPp+zywMfKth4sKKA8drRdx6Gijpg=="
    },
    "online-median": {
      "version": "1.0.1",
      "resolved": "https://registry.npmjs.org/online-median/-/online-median-1.0.1.tgz",
      "integrity": "sha512-0+cJziKCmU68EEf44RJDXZaTc7EIxNje2AMrAweJxY2tvQ8qdjdYL+8gEt8SyZniPOxAvZ2JV9jsqNkrbdsATA==",
      "requires": {
        "heap": "0.2.6"
      }
    },
    "online-min": {
      "version": "1.0.1",
      "resolved": "https://registry.npmjs.org/online-min/-/online-min-1.0.1.tgz",
      "integrity": "sha512-k7vjEJe74xuC3kCIwyk35waB2zVbQbcoD+SZ1lDxRBktO4BwUWVRQ6gX3ftbOJbSQKF9SRuwrS/Bn3XDu2TVww=="
    },
    "online-stats": {
      "version": "1.0.3",
      "resolved": "https://registry.npmjs.org/online-stats/-/online-stats-1.0.3.tgz",
      "integrity": "sha512-31s7MENIqmjOlLnFE1/VpE+zqP24Tlwde0i+B5f8ig/LdNYJUMdLKPtZ9AoNifSfQnh4JPURDtFOxWh2EOXXlQ==",
      "requires": {
        "online-covariance": "1.0.2",
        "online-max": "1.0.0",
        "online-mean": "1.0.1",
        "online-median": "1.0.1",
        "online-min": "1.0.1",
        "online-std": "1.0.1",
        "online-variance": "1.0.0"
      }
    },
    "online-std": {
      "version": "1.0.1",
      "resolved": "https://registry.npmjs.org/online-std/-/online-std-1.0.1.tgz",
      "integrity": "sha512-Kab+G07EbhCONzgaXaZgvo7TZvMQLv0+5bumJaxB8a0Z98cRLLhHEtZ9Hxr4f7jjrrr0ThtB7yy4BojsyUcmxw==",
      "requires": {
        "online-variance": "1.0.0"
      }
    },
    "online-variance": {
      "version": "1.0.0",
      "resolved": "https://registry.npmjs.org/online-variance/-/online-variance-1.0.0.tgz",
      "integrity": "sha512-KstNfj60bhhK6r0rEvPsFcOyrkoqv1GzIYWNJrK/unB9mULQf22gU0dhqWwcA/J3JD4X7ZXG0SHMnC7cwK7CFA=="
    }
  }
}
